{
    "_readme": [
        "This file locks the dependencies of your project to a known state",
        "Read more about it at https://getcomposer.org/doc/01-basic-usage.md#installing-dependencies",
        "This file is @generated automatically"
    ],
    "content-hash": "94ee02d229ba9ff83a14cf38cccc08c4",
    "packages": [
        {
            "name": "composer/installers",
            "version": "v1.6.0",
            "source": {
                "type": "git",
                "url": "https://github.com/composer/installers.git",
                "reference": "cfcca6b1b60bc4974324efb5783c13dca6932b5b"
            },
            "dist": {
                "type": "zip",
                "url": "https://api.github.com/repos/composer/installers/zipball/cfcca6b1b60bc4974324efb5783c13dca6932b5b",
                "reference": "cfcca6b1b60bc4974324efb5783c13dca6932b5b",
                "shasum": ""
            },
            "require": {
                "composer-plugin-api": "^1.0"
            },
            "replace": {
                "roundcube/plugin-installer": "*",
                "shama/baton": "*"
            },
            "require-dev": {
                "composer/composer": "1.0.*@dev",
                "phpunit/phpunit": "^4.8.36"
            },
            "type": "composer-plugin",
            "extra": {
                "class": "Composer\\Installers\\Plugin",
                "branch-alias": {
                    "dev-master": "1.0-dev"
                }
            },
            "autoload": {
                "psr-4": {
                    "Composer\\Installers\\": "src/Composer/Installers"
                }
            },
            "notification-url": "https://packagist.org/downloads/",
            "license": [
                "MIT"
            ],
            "authors": [
                {
                    "name": "Kyle Robinson Young",
                    "email": "kyle@dontkry.com",
                    "homepage": "https://github.com/shama"
                }
            ],
            "description": "A multi-framework Composer library installer",
            "homepage": "https://composer.github.io/installers/",
            "keywords": [
                "Craft",
                "Dolibarr",
                "Eliasis",
                "Hurad",
                "ImageCMS",
                "Kanboard",
                "Lan Management System",
                "MODX Evo",
                "Mautic",
                "Maya",
                "OXID",
                "Plentymarkets",
                "Porto",
                "RadPHP",
                "SMF",
                "Thelia",
                "WolfCMS",
                "agl",
                "aimeos",
                "annotatecms",
                "attogram",
                "bitrix",
                "cakephp",
                "chef",
                "cockpit",
                "codeigniter",
                "concrete5",
                "croogo",
                "dokuwiki",
                "drupal",
                "eZ Platform",
                "elgg",
                "expressionengine",
                "fuelphp",
                "grav",
                "installer",
                "itop",
                "joomla",
                "kohana",
                "laravel",
                "lavalite",
                "lithium",
                "magento",
                "majima",
                "mako",
                "mediawiki",
                "modulework",
                "modx",
                "moodle",
                "osclass",
                "phpbb",
                "piwik",
                "ppi",
                "puppet",
                "pxcms",
                "reindex",
                "roundcube",
                "shopware",
                "silverstripe",
                "sydes",
                "symfony",
                "typo3",
                "wordpress",
                "yawik",
                "zend",
                "zikula"
            ],
            "time": "2018-08-27T06:10:37+00:00"
        },
        {
            "name": "npm-asset/chart.js",
            "version": "2.7.3",
            "dist": {
                "type": "tar",
                "url": "https://registry.npmjs.org/chart.js/-/chart.js-2.7.3.tgz",
                "reference": null,
                "shasum": "cdb61618830bf216dc887e2f7b1b3c228b73c57e"
            },
            "require": {
                "npm-asset/chartjs-color": ">=2.1.0,<3.0.0",
                "npm-asset/moment": ">=2.10.2,<3.0.0"
            },
            "type": "npm-asset-library",
            "extra": {
                "npm-asset-bugs": {
                    "url": "https://github.com/chartjs/Chart.js/issues"
                },
                "npm-asset-main": "src/chart.js",
                "npm-asset-directories": [],
                "npm-asset-repository": {
                    "type": "git",
                    "url": "git+https://github.com/chartjs/Chart.js.git"
                }
            },
            "license": [
                "MIT"
            ],
            "description": "Simple HTML5 charts using the canvas element.",
            "homepage": "http://www.chartjs.org",
            "time": "2018-10-15T17:21:23+00:00"
        },
        {
            "name": "npm-asset/chartjs-color",
            "version": "2.2.0",
            "dist": {
                "type": "tar",
                "url": "https://registry.npmjs.org/chartjs-color/-/chartjs-color-2.2.0.tgz",
                "reference": null,
                "shasum": "84a2fb755787ed85c39dd6dd8c7b1d88429baeae"
            },
            "require": {
                "npm-asset/chartjs-color-string": ">=0.5.0,<0.6.0",
                "npm-asset/color-convert": ">=0.5.3,<0.6.0"
            },
            "require-dev": {
                "npm-asset/browserify": ">=10.1.3,<11.0.0",
                "npm-asset/gulp": ">=3.8.11,<4.0.0",
                "npm-asset/gulp-rename": ">=1.2.2,<2.0.0",
                "npm-asset/gulp-streamify": ">=1.0.2,<2.0.0",
                "npm-asset/gulp-uglify": ">=1.2.0,<2.0.0",
                "npm-asset/mocha": ">=2.2.5,<3.0.0",
                "npm-asset/vinyl-source-stream": ">=1.1.0,<2.0.0",
                "npm-asset/xo": ">=0.12.1,<0.13.0"
            },
            "type": "npm-asset-library",
            "extra": {
                "npm-asset-bugs": {
                    "url": "https://github.com/chartjs/chartjs-color/issues"
                },
                "npm-asset-files": [
                    "CHANGELOG.md",
                    "LICENSE",
                    "index.js"
                ],
                "npm-asset-directories": [],
                "npm-asset-repository": {
                    "type": "git",
                    "url": "git+https://github.com/chartjs/chartjs-color.git"
                },
                "npm-asset-scripts": {
                    "pretest": "xo",
                    "test": "mocha"
                }
            },
            "license": [
                "MIT"
            ],
            "description": "Color conversion and manipulation with CSS string support",
            "homepage": "https://github.com/chartjs/chartjs-color#readme",
            "keywords": [
                "color",
                "colour",
                "css"
            ],
            "time": "2017-09-09T20:37:24+00:00"
        },
        {
            "name": "npm-asset/chartjs-color-string",
            "version": "0.5.0",
            "dist": {
                "type": "tar",
                "url": "https://registry.npmjs.org/chartjs-color-string/-/chartjs-color-string-0.5.0.tgz",
                "reference": null,
                "shasum": "8d3752d8581d86687c35bfe2cb80ac5213ceb8c1"
            },
            "require": {
                "npm-asset/color-name": ">=1.0.0,<2.0.0"
            },
            "type": "npm-asset-library",
            "extra": {
                "npm-asset-bugs": {
                    "url": "https://github.com/chartjs/chartjs-color-string/issues"
                },
                "npm-asset-main": "./color-string",
                "npm-asset-directories": [],
                "npm-asset-repository": {
                    "type": "git",
                    "url": "git+https://github.com/chartjs/chartjs-color-string.git"
                },
                "npm-asset-scripts": {
                    "test": "node test/basic.js"
                }
            },
            "license": [
                "MIT"
            ],
            "authors": [
                {
                    "name": "Heather Arthur",
                    "email": "fayearthur@gmail.com"
                }
            ],
            "description": "Parser and generator for CSS color strings",
            "homepage": "https://github.com/chartjs/chartjs-color-string#readme",
            "keywords": [
                "color",
                "colour",
                "css",
                "rgb"
            ],
            "time": "2017-09-09T20:09:29+00:00"
        },
        {
            "name": "npm-asset/color-convert",
            "version": "0.5.3",
            "dist": {
                "type": "tar",
                "url": "https://registry.npmjs.org/color-convert/-/color-convert-0.5.3.tgz",
                "reference": null,
                "shasum": "bdb6c69ce660fadffe0b0007cc447e1b9f7282bd"
            },
            "type": "npm-asset-library",
            "extra": {
                "npm-asset-bugs": {
                    "url": "https://github.com/harthur/color-convert/issues"
                },
                "npm-asset-directories": [],
                "npm-asset-repository": {
                    "type": "git",
                    "url": "git+ssh://git@github.com/harthur/color-convert.git"
                },
                "npm-asset-scripts": {
                    "test": "node test/basic.js"
                }
            },
            "authors": [
                {
                    "name": "Heather Arthur",
                    "email": "fayearthur@gmail.com"
                }
            ],
            "description": "Plain color conversion functions",
            "homepage": "https://github.com/harthur/color-convert#readme",
            "keywords": [
                "color",
                "colour",
                "rgb"
            ]
        },
        {
            "name": "npm-asset/color-name",
            "version": "1.1.4",
            "dist": {
                "type": "tar",
                "url": "https://registry.npmjs.org/color-name/-/color-name-1.1.4.tgz",
                "reference": null,
                "shasum": "c2a09a87acbde69543de6f63fa3995c826c536a2"
            },
            "type": "npm-asset-library",
            "extra": {
                "npm-asset-bugs": {
                    "url": "https://github.com/colorjs/color-name/issues"
                },
                "npm-asset-main": "index.js",
                "npm-asset-directories": [],
                "npm-asset-repository": {
                    "type": "git",
                    "url": "git+ssh://git@github.com/colorjs/color-name.git"
                },
                "npm-asset-scripts": {
                    "test": "node test.js"
                }
            },
            "license": [
                "MIT"
            ],
            "authors": [
                {
                    "name": "DY",
                    "email": "dfcreative@gmail.com"
                }
            ],
            "description": "A list of color names and its values",
            "homepage": "https://github.com/colorjs/color-name",
            "keywords": [
                "color",
                "color-keyword",
                "color-name",
                "keyword"
            ],
            "time": "2018-09-21T10:48:56+00:00"
        },
        {
            "name": "npm-asset/moment",
            "version": "2.22.2",
            "dist": {
                "type": "tar",
                "url": "https://registry.npmjs.org/moment/-/moment-2.22.2.tgz",
                "reference": null,
                "shasum": "3c257f9839fc0e93ff53149632239eb90783ff66"
            },
            "type": "npm-asset-library",
            "extra": {
                "npm-asset-bugs": {
                    "url": "https://github.com/moment/moment/issues"
                },
                "npm-asset-main": "./moment.js",
                "npm-asset-directories": [],
                "npm-asset-repository": {
                    "type": "git",
                    "url": "git+https://github.com/moment/moment.git"
                },
                "npm-asset-scripts": {
                    "typescript-test": "tsc --project typing-tests",
                    "test": "grunt test",
                    "coverage": "nyc npm test && nyc report",
                    "coveralls": "nyc npm test && nyc report --reporter=text-lcov | coveralls"
                },
                "npm-asset-engines": {
                    "node": "*"
                }
            },
            "license": [
                "MIT"
            ],
            "authors": [
                {
                    "name": "Iskren Ivov Chernev",
                    "email": "iskren.chernev@gmail.com",
                    "url": "https://github.com/ichernev"
                },
                {
                    "name": "Tim Wood",
                    "email": "washwithcare@gmail.com",
                    "url": "http://timwoodcreates.com/"
                },
                {
                    "name": "Rocky Meza",
                    "url": "http://rockymeza.com"
                },
                {
                    "name": "Matt Johnson",
                    "email": "mj1856@hotmail.com",
                    "url": "http://codeofmatt.com"
                },
                {
                    "name": "Isaac Cambron",
                    "email": "isaac@isaaccambron.com",
                    "url": "http://isaaccambron.com"
                },
                {
                    "name": "Andre Polykanine",
                    "email": "andre@oire.org",
                    "url": "https://github.com/oire"
                }
            ],
            "description": "Parse, validate, manipulate, and display dates",
            "homepage": "http://momentjs.com",
            "keywords": [
                "date",
                "ender",
                "format",
                "i18n",
                "l10n",
                "moment",
                "parse",
                "time",
                "validate"
            ],
            "time": "2018-06-01T06:58:41+00:00"
        }
    ],
    "packages-dev": [
        {
            "name": "coldtrick/releases",
            "version": "dev-master",
            "source": {
                "type": "git",
                "url": "https://github.com/ColdTrick/releases.git",
                "reference": "60cbbc82f4b5164723d2b40029fead1c5f2715dd"
            },
            "dist": {
                "type": "zip",
                "url": "https://api.github.com/repos/ColdTrick/releases/zipball/60cbbc82f4b5164723d2b40029fead1c5f2715dd",
                "reference": "60cbbc82f4b5164723d2b40029fead1c5f2715dd",
                "shasum": ""
            },
            "type": "library",
            "notification-url": "https://packagist.org/downloads/",
            "license": [
                "GPL-2.0"
            ],
            "description": "A set of scripts needed for building releases",
            "keywords": [
                "ci",
                "release",
                "travis"
            ],
            "time": "2017-11-01T09:37:42+00:00"
        },
        {
            "name": "coldtrick/sniffs",
            "version": "dev-master",
            "source": {
                "type": "git",
                "url": "https://github.com/ColdTrick/elgg-coding-standards.git",
                "reference": "694bae972522ffbec467a7a9b6a2f4299beb47e6"
            },
            "dist": {
                "type": "zip",
                "url": "https://api.github.com/repos/ColdTrick/elgg-coding-standards/zipball/694bae972522ffbec467a7a9b6a2f4299beb47e6",
                "reference": "694bae972522ffbec467a7a9b6a2f4299beb47e6",
                "shasum": ""
            },
            "require": {
                "squizlabs/php_codesniffer": ">=1.3.4"
            },
            "type": "library",
            "autoload": {
                "psr-0": {
                    "Elgg_Sniffs_": "src/"
                }
            },
            "notification-url": "https://packagist.org/downloads/",
            "description": "Elgg coding standards",
            "time": "2015-02-17T14:47:25+00:00"
        },
        {
            "name": "squizlabs/php_codesniffer",
            "version": "3.3.2",
            "source": {
                "type": "git",
                "url": "https://github.com/squizlabs/PHP_CodeSniffer.git",
                "reference": "6ad28354c04b364c3c71a34e4a18b629cc3b231e"
            },
            "dist": {
                "type": "zip",
                "url": "https://api.github.com/repos/squizlabs/PHP_CodeSniffer/zipball/6ad28354c04b364c3c71a34e4a18b629cc3b231e",
                "reference": "6ad28354c04b364c3c71a34e4a18b629cc3b231e",
                "shasum": ""
            },
            "require": {
                "ext-simplexml": "*",
                "ext-tokenizer": "*",
                "ext-xmlwriter": "*",
                "php": ">=5.4.0"
            },
            "require-dev": {
                "phpunit/phpunit": "^4.0 || ^5.0 || ^6.0 || ^7.0"
            },
            "bin": [
                "bin/phpcs",
                "bin/phpcbf"
            ],
            "type": "library",
            "extra": {
                "branch-alias": {
                    "dev-master": "3.x-dev"
                }
            },
            "notification-url": "https://packagist.org/downloads/",
            "license": [
                "BSD-3-Clause"
            ],
            "authors": [
                {
                    "name": "Greg Sherwood",
                    "role": "lead"
                }
            ],
            "description": "PHP_CodeSniffer tokenizes PHP, JavaScript and CSS files and detects violations of a defined set of coding standards.",
            "homepage": "http://www.squizlabs.com/php-codesniffer",
            "keywords": [
                "phpcs",
                "standards"
            ],
            "time": "2018-09-23T23:08:17+00:00"
        }
    ],
    "aliases": [],
    "minimum-stability": "stable",
    "stability-flags": {
        "coldtrick/sniffs": 20,
        "coldtrick/releases": 20
    },
    "prefer-stable": false,
    "prefer-lowest": false,
    "platform": [],
    "platform-dev": []
}
